
Microsoft Visual Studio Solution File, Format Version 12.00
# Visual Studio Version 17
VisualStudioVersion = 17.6.33815.320
MinimumVisualStudioVersion = 10.0.40219.1
Project("{FAE04EC0-301F-11D3-BF4B-00C04F79EFBC}") = "TestAbstract", "TestAbstract\TestAbstract.csproj", "{A168C382-E628-4772-9FD4-2DCE4AB9C764}"
EndProject
Global
	GlobalSection(SolutionConfigurationPlatforms) = preSolution
		Debug|Any CPU = Debug|Any CPU
		Release|Any CPU = Release|Any CPU
	EndGlobalSection
	GlobalSection(ProjectConfigurationPlatforms) = postSolution
		{A168C382-E628-4772-9FD4-2DCE4AB9C764}.Debug|Any CPU.ActiveCfg = Debug|Any CPU
		{A168C382-E628-4772-9FD4-2DCE4AB9C764}.Debug|Any CPU.Build.0 = Debug|Any CPU
		{A168C382-E628-4772-9FD4-2DCE4AB9C764}.Release|Any CPU.ActiveCfg = Release|Any CPU
		{A168C382-E628-4772-9FD4-2DCE4AB9C764}.Release|Any CPU.Build.0 = Release|Any CPU
	EndGlobalSection
	GlobalSection(SolutionProperties) = preSolution
		HideSolutionNode = FALSE
	EndGlobalSection
	GlobalSection(ExtensibilityGlobals) = postSolution
		SolutionGuid = {46CCDFB7-E8D4-46AA-9BE8-341172DAC3D5}
	EndGlobalSection
EndGlobal
